// !$*UTF8*$!
{
	archiveVersion = 1;
	classes = {
	};
	objectVersion = 50;
	objects = {

/* Begin PBXBuildFile section */
		0828A2E7251497AF0075A422 /* String+Extension.swift in Sources */ = {isa = PBXBuildFile; fileRef = 0828A2E6251497AF0075A422 /* String+Extension.swift */; };
		084B2AB525136CC000FA5420 /* NoteDetailViewController.swift in Sources */ = {isa = PBXBuildFile; fileRef = 084B2AB425136CC000FA5420 /* NoteDetailViewController.swift */; };
		084B2AB725136CD800FA5420 /* NoteDetailViewModel.swift in Sources */ = {isa = PBXBuildFile; fileRef = 084B2AB625136CD800FA5420 /* NoteDetailViewModel.swift */; };
		084B2AB925136CE600FA5420 /* NoteDetailViewController.storyboard in Resources */ = {isa = PBXBuildFile; fileRef = 084B2AB825136CE600FA5420 /* NoteDetailViewController.storyboard */; };
		084B2ABB25136FF500FA5420 /* UIViewController+Extension.swift in Sources */ = {isa = PBXBuildFile; fileRef = 084B2ABA25136FF500FA5420 /* UIViewController+Extension.swift */; };
		0881939125133A0C0008E119 /* AppDelegate.swift in Sources */ = {isa = PBXBuildFile; fileRef = 0881939025133A0C0008E119 /* AppDelegate.swift */; };
		0881939525133A0C0008E119 /* ViewController.swift in Sources */ = {isa = PBXBuildFile; fileRef = 0881939425133A0C0008E119 /* ViewController.swift */; };
		0881939825133A0C0008E119 /* Main.storyboard in Resources */ = {isa = PBXBuildFile; fileRef = 0881939625133A0C0008E119 /* Main.storyboard */; };
		0881939A25133A0E0008E119 /* Assets.xcassets in Resources */ = {isa = PBXBuildFile; fileRef = 0881939925133A0E0008E119 /* Assets.xcassets */; };
		0881939D25133A0E0008E119 /* LaunchScreen.storyboard in Resources */ = {isa = PBXBuildFile; fileRef = 0881939B25133A0E0008E119 /* LaunchScreen.storyboard */; };
		089402042513462200F8E8E3 /* BaseViewController.swift in Sources */ = {isa = PBXBuildFile; fileRef = 089402032513462200F8E8E3 /* BaseViewController.swift */; };
		089402072513477300F8E8E3 /* ViewModelBased.swift in Sources */ = {isa = PBXBuildFile; fileRef = 089402062513477300F8E8E3 /* ViewModelBased.swift */; };
		08FAC6DE25134CB80046D1B4 /* SplashViewModel.swift in Sources */ = {isa = PBXBuildFile; fileRef = 08FAC6DD25134CB80046D1B4 /* SplashViewModel.swift */; };
		08FAC6E025134CDE0046D1B4 /* SplashViewController.swift in Sources */ = {isa = PBXBuildFile; fileRef = 08FAC6DF25134CDE0046D1B4 /* SplashViewController.swift */; };
		08FAC6E225134D790046D1B4 /* SplashViewController.storyboard in Resources */ = {isa = PBXBuildFile; fileRef = 08FAC6E125134D790046D1B4 /* SplashViewController.storyboard */; };
		08FAC6E425134EDC0046D1B4 /* Note.swift in Sources */ = {isa = PBXBuildFile; fileRef = 08FAC6E325134EDC0046D1B4 /* Note.swift */; };
		08FAC6E625134F2B0046D1B4 /* NoteRealmObject.swift in Sources */ = {isa = PBXBuildFile; fileRef = 08FAC6E525134F2B0046D1B4 /* NoteRealmObject.swift */; };
		08FAC6E9251355B80046D1B4 /* HomeViewController.swift in Sources */ = {isa = PBXBuildFile; fileRef = 08FAC6E8251355B80046D1B4 /* HomeViewController.swift */; };
		08FAC6EB251355D70046D1B4 /* HomeViewModel.swift in Sources */ = {isa = PBXBuildFile; fileRef = 08FAC6EA251355D70046D1B4 /* HomeViewModel.swift */; };
		08FAC6ED251355EE0046D1B4 /* HomeViewController.storyboard in Resources */ = {isa = PBXBuildFile; fileRef = 08FAC6EC251355EE0046D1B4 /* HomeViewController.storyboard */; };
		08FAC6F125135D5F0046D1B4 /* NoteTableViewCell.swift in Sources */ = {isa = PBXBuildFile; fileRef = 08FAC6EF25135D5F0046D1B4 /* NoteTableViewCell.swift */; };
		08FAC6F225135D5F0046D1B4 /* NoteTableViewCell.xib in Resources */ = {isa = PBXBuildFile; fileRef = 08FAC6F025135D5F0046D1B4 /* NoteTableViewCell.xib */; };
		08FAC6F825135F900046D1B4 /* Date+Extension.swift in Sources */ = {isa = PBXBuildFile; fileRef = 08FAC6F725135F900046D1B4 /* Date+Extension.swift */; };
		08FAC6FB25135FE30046D1B4 /* StringConstans.swift in Sources */ = {isa = PBXBuildFile; fileRef = 08FAC6FA25135FE30046D1B4 /* StringConstans.swift */; };
		7B8B8B5AD01828265619EBA2 /* Pods_NoteRx.framework in Frameworks */ = {isa = PBXBuildFile; fileRef = 8238AC6B540F6D3F1E654F69 /* Pods_NoteRx.framework */; };
/* End PBXBuildFile section */

/* Begin PBXFileReference section */
		0828A2E6251497AF0075A422 /* String+Extension.swift */ = {isa = PBXFileReference; lastKnownFileType = sourcecode.swift; path = "String+Extension.swift"; sourceTree = "<group>"; };
		084B2AB425136CC000FA5420 /* NoteDetailViewController.swift */ = {isa = PBXFileReference; lastKnownFileType = sourcecode.swift; path = NoteDetailViewController.swift; sourceTree = "<group>"; };
		084B2AB625136CD800FA5420 /* NoteDetailViewModel.swift */ = {isa = PBXFileReference; lastKnownFileType = sourcecode.swift; path = NoteDetailViewModel.swift; sourceTree = "<group>"; };
		084B2AB825136CE600FA5420 /* NoteDetailViewController.storyboard */ = {isa = PBXFileReference; lastKnownFileType = file.storyboard; path = NoteDetailViewController.storyboard; sourceTree = "<group>"; };
		084B2ABA25136FF500FA5420 /* UIViewController+Extension.swift */ = {isa = PBXFileReference; lastKnownFileType = sourcecode.swift; path = "UIViewController+Extension.swift"; sourceTree = "<group>"; };
		0881938D25133A0C0008E119 /* NoteRx.app */ = {isa = PBXFileReference; explicitFileType = wrapper.application; includeInIndex = 0; path = NoteRx.app; sourceTree = BUILT_PRODUCTS_DIR; };
		0881939025133A0C0008E119 /* AppDelegate.swift */ = {isa = PBXFileReference; lastKnownFileType = sourcecode.swift; path = AppDelegate.swift; sourceTree = "<group>"; };
		0881939425133A0C0008E119 /* ViewController.swift */ = {isa = PBXFileReference; lastKnownFileType = sourcecode.swift; path = ViewController.swift; sourceTree = "<group>"; };
		0881939725133A0C0008E119 /* Base */ = {isa = PBXFileReference; lastKnownFileType = file.storyboard; name = Base; path = Base.lproj/Main.storyboard; sourceTree = "<group>"; };
		0881939925133A0E0008E119 /* Assets.xcassets */ = {isa = PBXFileReference; lastKnownFileType = folder.assetcatalog; path = Assets.xcassets; sourceTree = "<group>"; };
		0881939C25133A0E0008E119 /* Base */ = {isa = PBXFileReference; lastKnownFileType = file.storyboard; name = Base; path = Base.lproj/LaunchScreen.storyboard; sourceTree = "<group>"; };
		0881939E25133A0E0008E119 /* Info.plist */ = {isa = PBXFileReference; lastKnownFileType = text.plist.xml; path = Info.plist; sourceTree = "<group>"; };
		089402032513462200F8E8E3 /* BaseViewController.swift */ = {isa = PBXFileReference; lastKnownFileType = sourcecode.swift; path = BaseViewController.swift; sourceTree = "<group>"; };
		089402062513477300F8E8E3 /* ViewModelBased.swift */ = {isa = PBXFileReference; lastKnownFileType = sourcecode.swift; path = ViewModelBased.swift; sourceTree = "<group>"; };
		08FAC6DD25134CB80046D1B4 /* SplashViewModel.swift */ = {isa = PBXFileReference; lastKnownFileType = sourcecode.swift; path = SplashViewModel.swift; sourceTree = "<group>"; };
		08FAC6DF25134CDE0046D1B4 /* SplashViewController.swift */ = {isa = PBXFileReference; lastKnownFileType = sourcecode.swift; path = SplashViewController.swift; sourceTree = "<group>"; };
		08FAC6E125134D790046D1B4 /* SplashViewController.storyboard */ = {isa = PBXFileReference; lastKnownFileType = file.storyboard; path = SplashViewController.storyboard; sourceTree = "<group>"; };
		08FAC6E325134EDC0046D1B4 /* Note.swift */ = {isa = PBXFileReference; lastKnownFileType = sourcecode.swift; path = Note.swift; sourceTree = "<group>"; };
		08FAC6E525134F2B0046D1B4 /* NoteRealmObject.swift */ = {isa = PBXFileReference; lastKnownFileType = sourcecode.swift; path = NoteRealmObject.swift; sourceTree = "<group>"; };
		08FAC6E8251355B80046D1B4 /* HomeViewController.swift */ = {isa = PBXFileReference; lastKnownFileType = sourcecode.swift; path = HomeViewController.swift; sourceTree = "<group>"; };
		08FAC6EA251355D70046D1B4 /* HomeViewModel.swift */ = {isa = PBXFileReference; lastKnownFileType = sourcecode.swift; path = HomeViewModel.swift; sourceTree = "<group>"; };
		08FAC6EC251355EE0046D1B4 /* HomeViewController.storyboard */ = {isa = PBXFileReference; lastKnownFileType = file.storyboard; path = HomeViewController.storyboard; sourceTree = "<group>"; };
		08FAC6EF25135D5F0046D1B4 /* NoteTableViewCell.swift */ = {isa = PBXFileReference; lastKnownFileType = sourcecode.swift; path = NoteTableViewCell.swift; sourceTree = "<group>"; };
		08FAC6F025135D5F0046D1B4 /* NoteTableViewCell.xib */ = {isa = PBXFileReference; lastKnownFileType = file.xib; path = NoteTableViewCell.xib; sourceTree = "<group>"; };
		08FAC6F725135F900046D1B4 /* Date+Extension.swift */ = {isa = PBXFileReference; lastKnownFileType = sourcecode.swift; path = "Date+Extension.swift"; sourceTree = "<group>"; };
		08FAC6FA25135FE30046D1B4 /* StringConstans.swift */ = {isa = PBXFileReference; lastKnownFileType = sourcecode.swift; path = StringConstans.swift; sourceTree = "<group>"; };
		8238AC6B540F6D3F1E654F69 /* Pods_NoteRx.framework */ = {isa = PBXFileReference; explicitFileType = wrapper.framework; includeInIndex = 0; path = Pods_NoteRx.framework; sourceTree = BUILT_PRODUCTS_DIR; };
		85A0A042DD30F57145ABDE15 /* Pods-NoteRx.release.xcconfig */ = {isa = PBXFileReference; includeInIndex = 1; lastKnownFileType = text.xcconfig; name = "Pods-NoteRx.release.xcconfig"; path = "Pods/Target Support Files/Pods-NoteRx/Pods-NoteRx.release.xcconfig"; sourceTree = "<group>"; };
		8A229DFCE2742709CACCE559 /* Pods-NoteRx.debug.xcconfig */ = {isa = PBXFileReference; includeInIndex = 1; lastKnownFileType = text.xcconfig; name = "Pods-NoteRx.debug.xcconfig"; path = "Pods/Target Support Files/Pods-NoteRx/Pods-NoteRx.debug.xcconfig"; sourceTree = "<group>"; };
/* End PBXFileReference section */

/* Begin PBXFrameworksBuildPhase section */
		0881938A25133A0C0008E119 /* Frameworks */ = {
			isa = PBXFrameworksBuildPhase;
			buildActionMask = 2147483647;
			files = (
				7B8B8B5AD01828265619EBA2 /* Pods_NoteRx.framework in Frameworks */,
			);
			runOnlyForDeploymentPostprocessing = 0;
		};
/* End PBXFrameworksBuildPhase section */

/* Begin PBXGroup section */
		084B2AB325136CA500FA5420 /* NoteDetail */ = {
			isa = PBXGroup;
			children = (
				084B2AB425136CC000FA5420 /* NoteDetailViewController.swift */,
				084B2AB625136CD800FA5420 /* NoteDetailViewModel.swift */,
				084B2AB825136CE600FA5420 /* NoteDetailViewController.storyboard */,
			);
			path = NoteDetail;
			sourceTree = "<group>";
		};
		0881938425133A0C0008E119 = {
			isa = PBXGroup;
			children = (
				0881938F25133A0C0008E119 /* NoteRx */,
				0881938E25133A0C0008E119 /* Products */,
				89A057E1F9BF9950EF408A2E /* Pods */,
				85CBE728E23D3D6C227E7ED4 /* Frameworks */,
			);
			sourceTree = "<group>";
		};
		0881938E25133A0C0008E119 /* Products */ = {
			isa = PBXGroup;
			children = (
				0881938D25133A0C0008E119 /* NoteRx.app */,
			);
			name = Products;
			sourceTree = "<group>";
		};
		0881938F25133A0C0008E119 /* NoteRx */ = {
			isa = PBXGroup;
			children = (
				089402012513457300F8E8E3 /* Features */,
				089402002513456200F8E8E3 /* Utils */,
				089401FF2513455C00F8E8E3 /* Service */,
				089401FE2513455500F8E8E3 /* Resource */,
				089401FD2513452700F8E8E3 /* Base */,
				0888FA4C2513410F00E44095 /* Model */,
				0881939025133A0C0008E119 /* AppDelegate.swift */,
				0881939425133A0C0008E119 /* ViewController.swift */,
				0881939625133A0C0008E119 /* Main.storyboard */,
				0881939925133A0E0008E119 /* Assets.xcassets */,
				0881939B25133A0E0008E119 /* LaunchScreen.storyboard */,
				0881939E25133A0E0008E119 /* Info.plist */,
			);
			path = NoteRx;
			sourceTree = "<group>";
		};
		0888FA4C2513410F00E44095 /* Model */ = {
			isa = PBXGroup;
			children = (
				08FAC6E325134EDC0046D1B4 /* Note.swift */,
				08FAC6E525134F2B0046D1B4 /* NoteRealmObject.swift */,
			);
			path = Model;
			sourceTree = "<group>";
		};
		089401FD2513452700F8E8E3 /* Base */ = {
			isa = PBXGroup;
			children = (
				089402052513475D00F8E8E3 /* ViewModelBased */,
				089402022513461300F8E8E3 /* ViewController */,
			);
			path = Base;
			sourceTree = "<group>";
		};
		089401FE2513455500F8E8E3 /* Resource */ = {
			isa = PBXGroup;
			children = (
			);
			path = Resource;
			sourceTree = "<group>";
		};
		089401FF2513455C00F8E8E3 /* Service */ = {
			isa = PBXGroup;
			children = (
			);
			path = Service;
			sourceTree = "<group>";
		};
		089402002513456200F8E8E3 /* Utils */ = {
			isa = PBXGroup;
			children = (
				08FAC6F925135FC20046D1B4 /* Constants */,
				08FAC6F625135F6F0046D1B4 /* Extensions */,
				08FAC6F325135F350046D1B4 /* Helper */,
			);
			path = Utils;
			sourceTree = "<group>";
		};
		089402012513457300F8E8E3 /* Features */ = {
			isa = PBXGroup;
			children = (
				084B2AB325136CA500FA5420 /* NoteDetail */,
				08FAC6E7251355A60046D1B4 /* Home */,
				08FAC6DC25134C7E0046D1B4 /* Splash */,
			);
			path = Features;
			sourceTree = "<group>";
		};
		089402022513461300F8E8E3 /* ViewController */ = {
			isa = PBXGroup;
			children = (
				089402032513462200F8E8E3 /* BaseViewController.swift */,
			);
			path = ViewController;
			sourceTree = "<group>";
		};
		089402052513475D00F8E8E3 /* ViewModelBased */ = {
			isa = PBXGroup;
			children = (
				089402062513477300F8E8E3 /* ViewModelBased.swift */,
			);
			path = ViewModelBased;
			sourceTree = "<group>";
		};
		08FAC6DC25134C7E0046D1B4 /* Splash */ = {
			isa = PBXGroup;
			children = (
				08FAC6DD25134CB80046D1B4 /* SplashViewModel.swift */,
				08FAC6DF25134CDE0046D1B4 /* SplashViewController.swift */,
				08FAC6E125134D790046D1B4 /* SplashViewController.storyboard */,
			);
			path = Splash;
			sourceTree = "<group>";
		};
		08FAC6E7251355A60046D1B4 /* Home */ = {
			isa = PBXGroup;
			children = (
				08FAC6EE25135D350046D1B4 /* TableViewCell */,
				08FAC6E8251355B80046D1B4 /* HomeViewController.swift */,
				08FAC6EA251355D70046D1B4 /* HomeViewModel.swift */,
				08FAC6EC251355EE0046D1B4 /* HomeViewController.storyboard */,
			);
			path = Home;
			sourceTree = "<group>";
		};
		08FAC6EE25135D350046D1B4 /* TableViewCell */ = {
			isa = PBXGroup;
			children = (
				08FAC6EF25135D5F0046D1B4 /* NoteTableViewCell.swift */,
				08FAC6F025135D5F0046D1B4 /* NoteTableViewCell.xib */,
			);
			path = TableViewCell;
			sourceTree = "<group>";
		};
		08FAC6F325135F350046D1B4 /* Helper */ = {
			isa = PBXGroup;
			children = (
			);
			path = Helper;
			sourceTree = "<group>";
		};
		08FAC6F625135F6F0046D1B4 /* Extensions */ = {
			isa = PBXGroup;
			children = (
				08FAC6F725135F900046D1B4 /* Date+Extension.swift */,
				084B2ABA25136FF500FA5420 /* UIViewController+Extension.swift */,
				0828A2E6251497AF0075A422 /* String+Extension.swift */,
			);
			path = Extensions;
			sourceTree = "<group>";
		};
		08FAC6F925135FC20046D1B4 /* Constants */ = {
			isa = PBXGroup;
			children = (
				08FAC6FA25135FE30046D1B4 /* StringConstans.swift */,
			);
			path = Constants;
			sourceTree = "<group>";
		};
		85CBE728E23D3D6C227E7ED4 /* Frameworks */ = {
			isa = PBXGroup;
			children = (
				8238AC6B540F6D3F1E654F69 /* Pods_NoteRx.framework */,
			);
			name = Frameworks;
			sourceTree = "<group>";
		};
		89A057E1F9BF9950EF408A2E /* Pods */ = {
			isa = PBXGroup;
			children = (
				8A229DFCE2742709CACCE559 /* Pods-NoteRx.debug.xcconfig */,
				85A0A042DD30F57145ABDE15 /* Pods-NoteRx.release.xcconfig */,
			);
			name = Pods;
			sourceTree = "<group>";
		};
/* End PBXGroup section */

/* Begin PBXNativeTarget section */
		0881938C25133A0C0008E119 /* NoteRx */ = {
			isa = PBXNativeTarget;
			buildConfigurationList = 088193A125133A0E0008E119 /* Build configuration list for PBXNativeTarget "NoteRx" */;
			buildPhases = (
				9336E04569C1A648BDB32B11 /* [CP] Check Pods Manifest.lock */,
				0881938925133A0C0008E119 /* Sources */,
				0881938A25133A0C0008E119 /* Frameworks */,
				0881938B25133A0C0008E119 /* Resources */,
				32ADAF5BA83BD223017B91E3 /* [CP] Embed Pods Frameworks */,
				9587EE1B562E1C02779B1BAE /* [CP] Copy Pods Resources */,
			);
			buildRules = (
			);
			dependencies = (
			);
			name = NoteRx;
			productName = NoteRx;
			productReference = 0881938D25133A0C0008E119 /* NoteRx.app */;
			productType = "com.apple.product-type.application";
		};
/* End PBXNativeTarget section */

/* Begin PBXProject section */
		0881938525133A0C0008E119 /* Project object */ = {
			isa = PBXProject;
			attributes = {
				LastSwiftUpdateCheck = 1130;
				LastUpgradeCheck = 1130;
				ORGANIZATIONNAME = AnhLD;
				TargetAttributes = {
					0881938C25133A0C0008E119 = {
						CreatedOnToolsVersion = 11.3.1;
					};
				};
			};
			buildConfigurationList = 0881938825133A0C0008E119 /* Build configuration list for PBXProject "NoteRx" */;
			compatibilityVersion = "Xcode 9.3";
			developmentRegion = en;
			hasScannedForEncodings = 0;
			knownRegions = (
				en,
				Base,
			);
			mainGroup = 0881938425133A0C0008E119;
			productRefGroup = 0881938E25133A0C0008E119 /* Products */;
			projectDirPath = "";
			projectRoot = "";
			targets = (
				0881938C25133A0C0008E119 /* NoteRx */,
			);
		};
/* End PBXProject section */

/* Begin PBXResourcesBuildPhase section */
		0881938B25133A0C0008E119 /* Resources */ = {
			isa = PBXResourcesBuildPhase;
			buildActionMask = 2147483647;
			files = (
				08FAC6ED251355EE0046D1B4 /* HomeViewController.storyboard in Resources */,
				08FAC6E225134D790046D1B4 /* SplashViewController.storyboard in Resources */,
				0881939D25133A0E0008E119 /* LaunchScreen.storyboard in Resources */,
				08FAC6F225135D5F0046D1B4 /* NoteTableViewCell.xib in Resources */,
				0881939A25133A0E0008E119 /* Assets.xcassets in Resources */,
				0881939825133A0C0008E119 /* Main.storyboard in Resources */,
				084B2AB925136CE600FA5420 /* NoteDetailViewController.storyboard in Resources */,
			);
			runOnlyForDeploymentPostprocessing = 0;
		};
/* End PBXResourcesBuildPhase section */

/* Begin PBXShellScriptBuildPhase section */
		32ADAF5BA83BD223017B91E3 /* [CP] Embed Pods Frameworks */ = {
			isa = PBXShellScriptBuildPhase;
			buildActionMask = 2147483647;
			files = (
			);
			inputFileListPaths = (
			);
			inputPaths = (
				"${SRCROOT}/Pods/Target Support Files/Pods-NoteRx/Pods-NoteRx-frameworks.sh",
				"${BUILT_PRODUCTS_DIR}/Realm/Realm.framework",
				"${BUILT_PRODUCTS_DIR}/RealmSwift/RealmSwift.framework",
				"${BUILT_PRODUCTS_DIR}/RxCocoa/RxCocoa.framework",
				"${BUILT_PRODUCTS_DIR}/RxRelay/RxRelay.framework",
				"${BUILT_PRODUCTS_DIR}/RxSwift/RxSwift.framework",
			);
			name = "[CP] Embed Pods Frameworks";
			outputFileListPaths = (
			);
			outputPaths = (
				"${TARGET_BUILD_DIR}/${FRAMEWORKS_FOLDER_PATH}/Realm.framework",
				"${TARGET_BUILD_DIR}/${FRAMEWORKS_FOLDER_PATH}/RealmSwift.framework",
				"${TARGET_BUILD_DIR}/${FRAMEWORKS_FOLDER_PATH}/RxCocoa.framework",
				"${TARGET_BUILD_DIR}/${FRAMEWORKS_FOLDER_PATH}/RxRelay.framework",
				"${TARGET_BUILD_DIR}/${FRAMEWORKS_FOLDER_PATH}/RxSwift.framework",
			);
			runOnlyForDeploymentPostprocessing = 0;
			shellPath = /bin/sh;
			shellScript = "\"${SRCROOT}/Pods/Target Support Files/Pods-NoteRx/Pods-NoteRx-frameworks.sh\"\n";
			showEnvVarsInLog = 0;
		};
		9336E04569C1A648BDB32B11 /* [CP] Check Pods Manifest.lock */ = {
			isa = PBXShellScriptBuildPhase;
			buildActionMask = 2147483647;
			files = (
			);
			inputFileListPaths = (
			);
			inputPaths = (
				"${PODS_PODFILE_DIR_PATH}/Podfile.lock",
				"${PODS_ROOT}/Manifest.lock",
			);
			name = "[CP] Check Pods Manifest.lock";
			outputFileListPaths = (
			);
			outputPaths = (
				"$(DERIVED_FILE_DIR)/Pods-NoteRx-checkManifestLockResult.txt",
			);
			runOnlyForDeploymentPostprocessing = 0;
			shellPath = /bin/sh;
			shellScript = "diff \"${PODS_PODFILE_DIR_PATH}/Podfile.lock\" \"${PODS_ROOT}/Manifest.lock\" > /dev/null\nif [ $? != 0 ] ; then\n    # print error to STDERR\n    echo \"error: The sandbox is not in sync with the Podfile.lock. Run 'pod install' or update your CocoaPods installation.\" >&2\n    exit 1\nfi\n# This output is used by Xcode 'outputs' to avoid re-running this script phase.\necho \"SUCCESS\" > \"${SCRIPT_OUTPUT_FILE_0}\"\n";
			showEnvVarsInLog = 0;
		};
		9587EE1B562E1C02779B1BAE /* [CP] Copy Pods Resources */ = {
			isa = PBXShellScriptBuildPhase;
			buildActionMask = 2147483647;
			files = (
			);
			inputFileListPaths = (
			);
			inputPaths = (
			);
			name = "[CP] Copy Pods Resources";
			outputFileListPaths = (
			);
			outputPaths = (
			);
			runOnlyForDeploymentPostprocessing = 0;
			shellPath = /bin/sh;
			shellScript = "\"${SRCROOT}/Pods/Target Support Files/Pods-NoteRx/Pods-NoteRx-resources.sh\"\n";
			showEnvVarsInLog = 0;
		};
/* End PBXShellScriptBuildPhase section */

/* Begin PBXSourcesBuildPhase section */
		0881938925133A0C0008E119 /* Sources */ = {
			isa = PBXSourcesBuildPhase;
			buildActionMask = 2147483647;
			files = (
				089402072513477300F8E8E3 /* ViewModelBased.swift in Sources */,
				084B2AB525136CC000FA5420 /* NoteDetailViewController.swift in Sources */,
				084B2ABB25136FF500FA5420 /* UIViewController+Extension.swift in Sources */,
				084B2AB725136CD800FA5420 /* NoteDetailViewModel.swift in Sources */,
				0881939525133A0C0008E119 /* ViewController.swift in Sources */,
				08FAC6F825135F900046D1B4 /* Date+Extension.swift in Sources */,
				08FAC6E425134EDC0046D1B4 /* Note.swift in Sources */,
				08FAC6EB251355D70046D1B4 /* HomeViewModel.swift in Sources */,
				0828A2E7251497AF0075A422 /* String+Extension.swift in Sources */,
				089402042513462200F8E8E3 /* BaseViewController.swift in Sources */,
				08FAC6DE25134CB80046D1B4 /* SplashViewModel.swift in Sources */,
				08FAC6E9251355B80046D1B4 /* HomeViewController.swift in Sources */,
				0881939125133A0C0008E119 /* AppDelegate.swift in Sources */,
				08FAC6E625134F2B0046D1B4 /* NoteRealmObject.swift in Sources */,
				08FAC6FB25135FE30046D1B4 /* StringConstans.swift in Sources */,
				08FAC6E025134CDE0046D1B4 /* SplashViewController.swift in Sources */,
				08FAC6F125135D5F0046D1B4 /* NoteTableViewCell.swift in Sources */,
			);
			runOnlyForDeploymentPostprocessing = 0;
		};
/* End PBXSourcesBuildPhase section */

/* Begin PBXVariantGroup section */
		0881939625133A0C0008E119 /* Main.storyboard */ = {
			isa = PBXVariantGroup;
			children = (
				0881939725133A0C0008E119 /* Base */,
			);
			name = Main.storyboard;
			sourceTree = "<group>";
		};
		0881939B25133A0E0008E119 /* LaunchScreen.storyboard */ = {
			isa = PBXVariantGroup;
			children = (
				0881939C25133A0E0008E119 /* Base */,
			);
			name = LaunchScreen.storyboard;
			sourceTree = "<group>";
		};
/* End PBXVariantGroup section */

/* Begin XCBuildConfiguration section */
		0881939F25133A0E0008E119 /* Debug */ = {
			isa = XCBuildConfiguration;
			buildSettings = {
				ALWAYS_SEARCH_USER_PATHS = NO;
				CLANG_ANALYZER_NONNULL = YES;
				CLANG_ANALYZER_NUMBER_OBJECT_CONVERSION = YES_AGGRESSIVE;
				CLANG_CXX_LANGUAGE_STANDARD = "gnu++14";
				CLANG_CXX_LIBRARY = "libc++";
				CLANG_ENABLE_MODULES = YES;
				CLANG_ENABLE_OBJC_ARC = YES;
				CLANG_ENABLE_OBJC_WEAK = YES;
				CLANG_WARN_BLOCK_CAPTURE_AUTORELEASING = YES;
				CLANG_WARN_BOOL_CONVERSION = YES;
				CLANG_WARN_COMMA = YES;
				CLANG_WARN_CONSTANT_CONVERSION = YES;
				CLANG_WARN_DEPRECATED_OBJC_IMPLEMENTATIONS = YES;
				CLANG_WARN_DIRECT_OBJC_ISA_USAGE = YES_ERROR;
				CLANG_WARN_DOCUMENTATION_COMMENTS = YES;
				CLANG_WARN_EMPTY_BODY = YES;
				CLANG_WARN_ENUM_CONVERSION = YES;
				CLANG_WARN_INFINITE_RECURSION = YES;
				CLANG_WARN_INT_CONVERSION = YES;
				CLANG_WARN_NON_LITERAL_NULL_CONVERSION = YES;
				CLANG_WARN_OBJC_IMPLICIT_RETAIN_SELF = YES;
				CLANG_WARN_OBJC_LITERAL_CONVERSION = YES;
				CLANG_WARN_OBJC_ROOT_CLASS = YES_ERROR;
				CLANG_WARN_RANGE_LOOP_ANALYSIS = YES;
				CLANG_WARN_STRICT_PROTOTYPES = YES;
				CLANG_WARN_SUSPICIOUS_MOVE = YES;
				CLANG_WARN_UNGUARDED_AVAILABILITY = YES_AGGRESSIVE;
				CLANG_WARN_UNREACHABLE_CODE = YES;
				CLANG_WARN__DUPLICATE_METHOD_MATCH = YES;
				COPY_PHASE_STRIP = NO;
				DEBUG_INFORMATION_FORMAT = dwarf;
				ENABLE_STRICT_OBJC_MSGSEND = YES;
				ENABLE_TESTABILITY = YES;
				GCC_C_LANGUAGE_STANDARD = gnu11;
				GCC_DYNAMIC_NO_PIC = NO;
				GCC_NO_COMMON_BLOCKS = YES;
				GCC_OPTIMIZATION_LEVEL = 0;
				GCC_PREPROCESSOR_DEFINITIONS = (
					"DEBUG=1",
					"$(inherited)",
				);
				GCC_WARN_64_TO_32_BIT_CONVERSION = YES;
				GCC_WARN_ABOUT_RETURN_TYPE = YES_ERROR;
				GCC_WARN_UNDECLARED_SELECTOR = YES;
				GCC_WARN_UNINITIALIZED_AUTOS = YES_AGGRESSIVE;
				GCC_WARN_UNUSED_FUNCTION = YES;
				GCC_WARN_UNUSED_VARIABLE = YES;
				IPHONEOS_DEPLOYMENT_TARGET = 13.2;
				MTL_ENABLE_DEBUG_INFO = INCLUDE_SOURCE;
				MTL_FAST_MATH = YES;
				ONLY_ACTIVE_ARCH = YES;
				SDKROOT = iphoneos;
				SWIFT_ACTIVE_COMPILATION_CONDITIONS = DEBUG;
				SWIFT_OPTIMIZATION_LEVEL = "-Onone";
			};
			name = Debug;
		};
		088193A025133A0E0008E119 /* Release */ = {
			isa = XCBuildConfiguration;
			buildSettings = {
				ALWAYS_SEARCH_USER_PATHS = NO;
				CLANG_ANALYZER_NONNULL = YES;
				CLANG_ANALYZER_NUMBER_OBJECT_CONVERSION = YES_AGGRESSIVE;
				CLANG_CXX_LANGUAGE_STANDARD = "gnu++14";
				CLANG_CXX_LIBRARY = "libc++";
				CLANG_ENABLE_MODULES = YES;
				CLANG_ENABLE_OBJC_ARC = YES;
				CLANG_ENABLE_OBJC_WEAK = YES;
				CLANG_WARN_BLOCK_CAPTURE_AUTORELEASING = YES;
				CLANG_WARN_BOOL_CONVERSION = YES;
				CLANG_WARN_COMMA = YES;
				CLANG_WARN_CONSTANT_CONVERSION = YES;
				CLANG_WARN_DEPRECATED_OBJC_IMPLEMENTATIONS = YES;
				CLANG_WARN_DIRECT_OBJC_ISA_USAGE = YES_ERROR;
				CLANG_WARN_DOCUMENTATION_COMMENTS = YES;
				CLANG_WARN_EMPTY_BODY = YES;
				CLANG_WARN_ENUM_CONVERSION = YES;
				CLANG_WARN_INFINITE_RECURSION = YES;
				CLANG_WARN_INT_CONVERSION = YES;
				CLANG_WARN_NON_LITERAL_NULL_CONVERSION = YES;
				CLANG_WARN_OBJC_IMPLICIT_RETAIN_SELF = YES;
				CLANG_WARN_OBJC_LITERAL_CONVERSION = YES;
				CLANG_WARN_OBJC_ROOT_CLASS = YES_ERROR;
				CLANG_WARN_RANGE_LOOP_ANALYSIS = YES;
				CLANG_WARN_STRICT_PROTOTYPES = YES;
				CLANG_WARN_SUSPICIOUS_MOVE = YES;
				CLANG_WARN_UNGUARDED_AVAILABILITY = YES_AGGRESSIVE;
				CLANG_WARN_UNREACHABLE_CODE = YES;
				CLANG_WARN__DUPLICATE_METHOD_MATCH = YES;
				COPY_PHASE_STRIP = NO;
				DEBUG_INFORMATION_FORMAT = "dwarf-with-dsym";
				ENABLE_NS_ASSERTIONS = NO;
				ENABLE_STRICT_OBJC_MSGSEND = YES;
				GCC_C_LANGUAGE_STANDARD = gnu11;
				GCC_NO_COMMON_BLOCKS = YES;
				GCC_WARN_64_TO_32_BIT_CONVERSION = YES;
				GCC_WARN_ABOUT_RETURN_TYPE = YES_ERROR;
				GCC_WARN_UNDECLARED_SELECTOR = YES;
				GCC_WARN_UNINITIALIZED_AUTOS = YES_AGGRESSIVE;
				GCC_WARN_UNUSED_FUNCTION = YES;
				GCC_WARN_UNUSED_VARIABLE = YES;
				IPHONEOS_DEPLOYMENT_TARGET = 13.2;
				MTL_ENABLE_DEBUG_INFO = NO;
				MTL_FAST_MATH = YES;
				SDKROOT = iphoneos;
				SWIFT_COMPILATION_MODE = wholemodule;
				SWIFT_OPTIMIZATION_LEVEL = "-O";
				VALIDATE_PRODUCT = YES;
			};
			name = Release;
		};
		088193A225133A0E0008E119 /* Debug */ = {
			isa = XCBuildConfiguration;
			baseConfigurationReference = 8A229DFCE2742709CACCE559 /* Pods-NoteRx.debug.xcconfig */;
			buildSettings = {
				ASSETCATALOG_COMPILER_APPICON_NAME = AppIcon;
				CODE_SIGN_STYLE = Automatic;
				INFOPLIST_FILE = NoteRx/Info.plist;
				IPHONEOS_DEPLOYMENT_TARGET = 11.0;
				LD_RUNPATH_SEARCH_PATHS = (
					"$(inherited)",
					"@executable_path/Frameworks",
				);
				PRODUCT_BUNDLE_IDENTIFIER = duyanh.NoteRx;
				PRODUCT_NAME = "$(TARGET_NAME)";
				SWIFT_VERSION = 5.0;
				TARGETED_DEVICE_FAMILY = "1,2";
			};
			name = Debug;
		};
		088193A325133A0E0008E119 /* Release */ = {
			isa = XCBuildConfiguration;
			baseConfigurationReference = 85A0A042DD30F57145ABDE15 /* Pods-NoteRx.release.xcconfig */;
			buildSettings = {
				ASSETCATALOG_COMPILER_APPICON_NAME = AppIcon;
				CODE_SIGN_STYLE = Automatic;
				INFOPLIST_FILE = NoteRx/Info.plist;
				IPHONEOS_DEPLOYMENT_TARGET = 11.0;
				LD_RUNPATH_SEARCH_PATHS = (
					"$(inherited)",
					"@executable_path/Frameworks",
				);
				PRODUCT_BUNDLE_IDENTIFIER = duyanh.NoteRx;
				PRODUCT_NAME = "$(TARGET_NAME)";
				SWIFT_VERSION = 5.0;
				TARGETED_DEVICE_FAMILY = "1,2";
			};
			name = Release;
		};
/* End XCBuildConfiguration section */

/* Begin XCConfigurationList section */
		0881938825133A0C0008E119 /* Build configuration list for PBXProject "NoteRx" */ = {
			isa = XCConfigurationList;
			buildConfigurations = (
				0881939F25133A0E0008E119 /* Debug */,
				088193A025133A0E0008E119 /* Release */,
			);
			defaultConfigurationIsVisible = 0;
			defaultConfigurationName = Release;
		};
		088193A125133A0E0008E119 /* Build configuration list for PBXNativeTarget "NoteRx" */ = {
			isa = XCConfigurationList;
			buildConfigurations = (
				088193A225133A0E0008E119 /* Debug */,
				088193A325133A0E0008E119 /* Release */,
			);
			defaultConfigurationIsVisible = 0;
			defaultConfigurationName = Release;
		};
/* End XCConfigurationList section */
	};
	rootObject = 0881938525133A0C0008E119 /* Project object */;
}
